<?xml version="1.0" encoding="utf-8"?>
<Project ToolsVersion="4.0" xmlns="http://schemas.microsoft.com/developer/msbuild/2003">
  <ItemGroup>
    <Filter Include="Source Files">
      <UniqueIdentifier>{4FC737F1-C7A5-4376-A066-2A32D752A2FF}</UniqueIdentifier>
      <Extensions>cpp;c;cc;cxx;def;odl;idl;hpj;bat;asm;asmx</Extensions>
    </Filter>
    <Filter Include="Header Files">
      <UniqueIdentifier>{93995380-89BD-4b04-88EB-625FBE52EBFB}</UniqueIdentifier>
      <Extensions>h;hh;hpp;hxx;hm;inl;inc;ipp;xsd</Extensions>
    </Filter>
    <Filter Include="Resource Files">
      <UniqueIdentifier>{67DA6AB6-F800-4c08-8B7A-83BB121AAD01}</UniqueIdentifier>
      <Extensions>rc;ico;cur;bmp;dlg;rc2;rct;bin;rgs;gif;jpg;jpeg;jpe;resx;tiff;tif;png;wav;mfcribbon-ms</Extensions>
    </Filter>
  </ItemGroup>
  <ItemGroup>
    <ClCompile Include="AI_Distribution_Project.cpp">
      <Filter>Source Files</Filter>
    </ClCompile>
    <ClCompile Include="Seller.cpp">
      <Filter>Source Files</Filter>
    </ClCompile>
    <ClCompile Include="DistributionCentre.cpp">
      <Filter>Source Files</Filter>
    </ClCompile>
    <ClCompile Include="UnboundedSum.cpp">
      <Filter>Source Files</Filter>
    </ClCompile>
    <ClCompile Include="Variable.cpp">
      <Filter>Source Files</Filter>
    </ClCompile>
    <ClCompile Include="Very.cpp">
      <Filter>Source Files</Filter>
    </ClCompile>
    <ClCompile Include="WeightedAverage.cpp">
      <Filter>Source Files</Filter>
    </ClCompile>
    <ClCompile Include="WeightedAverageCustom.cpp">
      <Filter>Source Files</Filter>
    </ClCompile>
    <ClCompile Include="WeightedDefuzzifier.cpp">
      <Filter>Source Files</Filter>
    </ClCompile>
    <ClCompile Include="WeightedSum.cpp">
      <Filter>Source Files</Filter>
    </ClCompile>
    <ClCompile Include="WeightedSumCustom.cpp">
      <Filter>Source Files</Filter>
    </ClCompile>
    <ClCompile Include="ZShape.cpp">
      <Filter>Source Files</Filter>
    </ClCompile>
    <ClCompile Include="Activated.cpp">
      <Filter>Source Files</Filter>
    </ClCompile>
    <ClCompile Include="ActivationFactory.cpp">
      <Filter>Source Files</Filter>
    </ClCompile>
    <ClCompile Include="Aggregated.cpp">
      <Filter>Source Files</Filter>
    </ClCompile>
    <ClCompile Include="AlgebraicProduct.cpp">
      <Filter>Source Files</Filter>
    </ClCompile>
    <ClCompile Include="AlgebraicSum.cpp">
      <Filter>Source Files</Filter>
    </ClCompile>
    <ClCompile Include="Antecedent.cpp">
      <Filter>Source Files</Filter>
    </ClCompile>
    <ClCompile Include="Any.cpp">
      <Filter>Source Files</Filter>
    </ClCompile>
    <ClCompile Include="Bell.cpp">
      <Filter>Source Files</Filter>
    </ClCompile>
    <ClCompile Include="Benchmark.cpp">
      <Filter>Source Files</Filter>
    </ClCompile>
    <ClCompile Include="Binary.cpp">
      <Filter>Source Files</Filter>
    </ClCompile>
    <ClCompile Include="Bisector.cpp">
      <Filter>Source Files</Filter>
    </ClCompile>
    <ClCompile Include="BoundedDifference.cpp">
      <Filter>Source Files</Filter>
    </ClCompile>
    <ClCompile Include="BoundedSum.cpp">
      <Filter>Source Files</Filter>
    </ClCompile>
    <ClCompile Include="Centroid.cpp">
      <Filter>Source Files</Filter>
    </ClCompile>
    <ClCompile Include="Complexity.cpp">
      <Filter>Source Files</Filter>
    </ClCompile>
    <ClCompile Include="Concave.cpp">
      <Filter>Source Files</Filter>
    </ClCompile>
    <ClCompile Include="Consequent.cpp">
      <Filter>Source Files</Filter>
    </ClCompile>
    <ClCompile Include="Console.cpp">
      <Filter>Source Files</Filter>
    </ClCompile>
    <ClCompile Include="Constant.cpp">
      <Filter>Source Files</Filter>
    </ClCompile>
    <ClCompile Include="Cosine.cpp">
      <Filter>Source Files</Filter>
    </ClCompile>
    <ClCompile Include="CppExporter.cpp">
      <Filter>Source Files</Filter>
    </ClCompile>
    <ClCompile Include="DefuzzifierFactory.cpp">
      <Filter>Source Files</Filter>
    </ClCompile>
    <ClCompile Include="Discrete.cpp">
      <Filter>Source Files</Filter>
    </ClCompile>
    <ClCompile Include="DrasticProduct.cpp">
      <Filter>Source Files</Filter>
    </ClCompile>
    <ClCompile Include="DrasticSum.cpp">
      <Filter>Source Files</Filter>
    </ClCompile>
    <ClCompile Include="EinsteinProduct.cpp">
      <Filter>Source Files</Filter>
    </ClCompile>
    <ClCompile Include="EinsteinSum.cpp">
      <Filter>Source Files</Filter>
    </ClCompile>
    <ClCompile Include="Engine.cpp">
      <Filter>Source Files</Filter>
    </ClCompile>
    <ClCompile Include="Exception.cpp">
      <Filter>Source Files</Filter>
    </ClCompile>
    <ClCompile Include="Exporter.cpp">
      <Filter>Source Files</Filter>
    </ClCompile>
    <ClCompile Include="Expression.cpp">
      <Filter>Source Files</Filter>
    </ClCompile>
    <ClCompile Include="Extremely.cpp">
      <Filter>Source Files</Filter>
    </ClCompile>
    <ClCompile Include="FactoryManager.cpp">
      <Filter>Source Files</Filter>
    </ClCompile>
    <ClCompile Include="FclExporter.cpp">
      <Filter>Source Files</Filter>
    </ClCompile>
    <ClCompile Include="FclImporter.cpp">
      <Filter>Source Files</Filter>
    </ClCompile>
    <ClCompile Include="First.cpp">
      <Filter>Source Files</Filter>
    </ClCompile>
    <ClCompile Include="FisExporter.cpp">
      <Filter>Source Files</Filter>
    </ClCompile>
    <ClCompile Include="FisImporter.cpp">
      <Filter>Source Files</Filter>
    </ClCompile>
    <ClCompile Include="FldExporter.cpp">
      <Filter>Source Files</Filter>
    </ClCompile>
    <ClCompile Include="FllExporter.cpp">
      <Filter>Source Files</Filter>
    </ClCompile>
    <ClCompile Include="FllImporter.cpp">
      <Filter>Source Files</Filter>
    </ClCompile>
    <ClCompile Include="Function.cpp">
      <Filter>Source Files</Filter>
    </ClCompile>
    <ClCompile Include="FunctionFactory.cpp">
      <Filter>Source Files</Filter>
    </ClCompile>
    <ClCompile Include="fuzzylite.cpp">
      <Filter>Source Files</Filter>
    </ClCompile>
    <ClCompile Include="Gaussian.cpp">
      <Filter>Source Files</Filter>
    </ClCompile>
    <ClCompile Include="GaussianProduct.cpp">
      <Filter>Source Files</Filter>
    </ClCompile>
    <ClCompile Include="General.cpp">
      <Filter>Source Files</Filter>
    </ClCompile>
    <ClCompile Include="HamacherProduct.cpp">
      <Filter>Source Files</Filter>
    </ClCompile>
    <ClCompile Include="HamacherSum.cpp">
      <Filter>Source Files</Filter>
    </ClCompile>
    <ClCompile Include="HedgeFactory.cpp">
      <Filter>Source Files</Filter>
    </ClCompile>
    <ClCompile Include="HedgeFunction.cpp">
      <Filter>Source Files</Filter>
    </ClCompile>
    <ClCompile Include="Highest.cpp">
      <Filter>Source Files</Filter>
    </ClCompile>
    <ClCompile Include="Importer.cpp">
      <Filter>Source Files</Filter>
    </ClCompile>
    <ClCompile Include="InputVariable.cpp">
      <Filter>Source Files</Filter>
    </ClCompile>
    <ClCompile Include="IntegralDefuzzifier.cpp">
      <Filter>Source Files</Filter>
    </ClCompile>
    <ClCompile Include="JavaExporter.cpp">
      <Filter>Source Files</Filter>
    </ClCompile>
    <ClCompile Include="LargestOfMaximum.cpp">
      <Filter>Source Files</Filter>
    </ClCompile>
    <ClCompile Include="Last.cpp">
      <Filter>Source Files</Filter>
    </ClCompile>
    <ClCompile Include="Linear.cpp">
      <Filter>Source Files</Filter>
    </ClCompile>
    <ClCompile Include="Lowest.cpp">
      <Filter>Source Files</Filter>
    </ClCompile>
    <ClCompile Include="main.cpp">
      <Filter>Source Files</Filter>
    </ClCompile>
    <ClCompile Include="Maximum.cpp">
      <Filter>Source Files</Filter>
    </ClCompile>
    <ClCompile Include="MeanOfMaximum.cpp">
      <Filter>Source Files</Filter>
    </ClCompile>
    <ClCompile Include="Minimum.cpp">
      <Filter>Source Files</Filter>
    </ClCompile>
    <ClCompile Include="NilpotentMaximum.cpp">
      <Filter>Source Files</Filter>
    </ClCompile>
    <ClCompile Include="NilpotentMinimum.cpp">
      <Filter>Source Files</Filter>
    </ClCompile>
    <ClCompile Include="NormalizedSum.cpp">
      <Filter>Source Files</Filter>
    </ClCompile>
    <ClCompile Include="Not.cpp">
      <Filter>Source Files</Filter>
    </ClCompile>
    <ClCompile Include="OutputVariable.cpp">
      <Filter>Source Files</Filter>
    </ClCompile>
    <ClCompile Include="PiShape.cpp">
      <Filter>Source Files</Filter>
    </ClCompile>
    <ClCompile Include="Proportional.cpp">
      <Filter>Source Files</Filter>
    </ClCompile>
    <ClCompile Include="Ramp.cpp">
      <Filter>Source Files</Filter>
    </ClCompile>
    <ClCompile Include="Rectangle.cpp">
      <Filter>Source Files</Filter>
    </ClCompile>
    <ClCompile Include="RScriptExporter.cpp">
      <Filter>Source Files</Filter>
    </ClCompile>
    <ClCompile Include="Rule.cpp">
      <Filter>Source Files</Filter>
    </ClCompile>
    <ClCompile Include="RuleBlock.cpp">
      <Filter>Source Files</Filter>
    </ClCompile>
    <ClCompile Include="Seldom.cpp">
      <Filter>Source Files</Filter>
    </ClCompile>
    <ClCompile Include="Sigmoid.cpp">
      <Filter>Source Files</Filter>
    </ClCompile>
    <ClCompile Include="SigmoidDifference.cpp">
      <Filter>Source Files</Filter>
    </ClCompile>
    <ClCompile Include="SigmoidProduct.cpp">
      <Filter>Source Files</Filter>
    </ClCompile>
    <ClCompile Include="SmallestOfMaximum.cpp">
      <Filter>Source Files</Filter>
    </ClCompile>
    <ClCompile Include="SNormFactory.cpp">
      <Filter>Source Files</Filter>
    </ClCompile>
    <ClCompile Include="SNormFunction.cpp">
      <Filter>Source Files</Filter>
    </ClCompile>
    <ClCompile Include="Somewhat.cpp">
      <Filter>Source Files</Filter>
    </ClCompile>
    <ClCompile Include="Spike.cpp">
      <Filter>Source Files</Filter>
    </ClCompile>
    <ClCompile Include="SShape.cpp">
      <Filter>Source Files</Filter>
    </ClCompile>
    <ClCompile Include="Term.cpp">
      <Filter>Source Files</Filter>
    </ClCompile>
    <ClCompile Include="TermFactory.cpp">
      <Filter>Source Files</Filter>
    </ClCompile>
    <ClCompile Include="Threshold.cpp">
      <Filter>Source Files</Filter>
    </ClCompile>
    <ClCompile Include="TNormFactory.cpp">
      <Filter>Source Files</Filter>
    </ClCompile>
    <ClCompile Include="TNormFunction.cpp">
      <Filter>Source Files</Filter>
    </ClCompile>
    <ClCompile Include="Trapezoid.cpp">
      <Filter>Source Files</Filter>
    </ClCompile>
    <ClCompile Include="Triangle.cpp">
      <Filter>Source Files</Filter>
    </ClCompile>
  </ItemGroup>
  <ItemGroup>
    <ClInclude Include="Seller.h">
      <Filter>Header Files</Filter>
    </ClInclude>
    <ClInclude Include="DistributionCentre.h">
      <Filter>Header Files</Filter>
    </ClInclude>
    <ClInclude Include="fl\activation\Activation.h">
      <Filter>Header Files</Filter>
    </ClInclude>
    <ClInclude Include="fl\activation\First.h">
      <Filter>Header Files</Filter>
    </ClInclude>
    <ClInclude Include="fl\activation\General.h">
      <Filter>Header Files</Filter>
    </ClInclude>
    <ClInclude Include="fl\activation\Highest.h">
      <Filter>Header Files</Filter>
    </ClInclude>
    <ClInclude Include="fl\activation\Last.h">
      <Filter>Header Files</Filter>
    </ClInclude>
    <ClInclude Include="fl\activation\Lowest.h">
      <Filter>Header Files</Filter>
    </ClInclude>
    <ClInclude Include="fl\activation\Proportional.h">
      <Filter>Header Files</Filter>
    </ClInclude>
    <ClInclude Include="fl\activation\Threshold.h">
      <Filter>Header Files</Filter>
    </ClInclude>
    <ClInclude Include="fl\Benchmark.h">
      <Filter>Header Files</Filter>
    </ClInclude>
    <ClInclude Include="fl\Complexity.h">
      <Filter>Header Files</Filter>
    </ClInclude>
    <ClInclude Include="fl\Console.h">
      <Filter>Header Files</Filter>
    </ClInclude>
    <ClInclude Include="fl\defuzzifier\Bisector.h">
      <Filter>Header Files</Filter>
    </ClInclude>
    <ClInclude Include="fl\defuzzifier\Centroid.h">
      <Filter>Header Files</Filter>
    </ClInclude>
    <ClInclude Include="fl\defuzzifier\Defuzzifier.h">
      <Filter>Header Files</Filter>
    </ClInclude>
    <ClInclude Include="fl\defuzzifier\IntegralDefuzzifier.h">
      <Filter>Header Files</Filter>
    </ClInclude>
    <ClInclude Include="fl\defuzzifier\LargestOfMaximum.h">
      <Filter>Header Files</Filter>
    </ClInclude>
    <ClInclude Include="fl\defuzzifier\MeanOfMaximum.h">
      <Filter>Header Files</Filter>
    </ClInclude>
    <ClInclude Include="fl\defuzzifier\SmallestOfMaximum.h">
      <Filter>Header Files</Filter>
    </ClInclude>
    <ClInclude Include="fl\defuzzifier\WeightedAverage.h">
      <Filter>Header Files</Filter>
    </ClInclude>
    <ClInclude Include="fl\defuzzifier\WeightedAverageCustom.h">
      <Filter>Header Files</Filter>
    </ClInclude>
    <ClInclude Include="fl\defuzzifier\WeightedDefuzzifier.h">
      <Filter>Header Files</Filter>
    </ClInclude>
    <ClInclude Include="fl\defuzzifier\WeightedSum.h">
      <Filter>Header Files</Filter>
    </ClInclude>
    <ClInclude Include="fl\defuzzifier\WeightedSumCustom.h">
      <Filter>Header Files</Filter>
    </ClInclude>
    <ClInclude Include="fl\Engine.h">
      <Filter>Header Files</Filter>
    </ClInclude>
    <ClInclude Include="fl\Exception.h">
      <Filter>Header Files</Filter>
    </ClInclude>
    <ClInclude Include="fl\factory\ActivationFactory.h">
      <Filter>Header Files</Filter>
    </ClInclude>
    <ClInclude Include="fl\factory\CloningFactory.h">
      <Filter>Header Files</Filter>
    </ClInclude>
    <ClInclude Include="fl\factory\ConstructionFactory.h">
      <Filter>Header Files</Filter>
    </ClInclude>
    <ClInclude Include="fl\factory\DefuzzifierFactory.h">
      <Filter>Header Files</Filter>
    </ClInclude>
    <ClInclude Include="fl\factory\FactoryManager.h">
      <Filter>Header Files</Filter>
    </ClInclude>
    <ClInclude Include="fl\factory\FunctionFactory.h">
      <Filter>Header Files</Filter>
    </ClInclude>
    <ClInclude Include="fl\factory\HedgeFactory.h">
      <Filter>Header Files</Filter>
    </ClInclude>
    <ClInclude Include="fl\factory\SNormFactory.h">
      <Filter>Header Files</Filter>
    </ClInclude>
    <ClInclude Include="fl\factory\TermFactory.h">
      <Filter>Header Files</Filter>
    </ClInclude>
    <ClInclude Include="fl\factory\TNormFactory.h">
      <Filter>Header Files</Filter>
    </ClInclude>
    <ClInclude Include="fl\fuzzylite.h">
      <Filter>Header Files</Filter>
    </ClInclude>
    <ClInclude Include="fl\Headers.h">
      <Filter>Header Files</Filter>
    </ClInclude>
    <ClInclude Include="fl\hedge\Any.h">
      <Filter>Header Files</Filter>
    </ClInclude>
    <ClInclude Include="fl\hedge\Extremely.h">
      <Filter>Header Files</Filter>
    </ClInclude>
    <ClInclude Include="fl\hedge\Hedge.h">
      <Filter>Header Files</Filter>
    </ClInclude>
    <ClInclude Include="fl\hedge\HedgeFunction.h">
      <Filter>Header Files</Filter>
    </ClInclude>
    <ClInclude Include="fl\hedge\Not.h">
      <Filter>Header Files</Filter>
    </ClInclude>
    <ClInclude Include="fl\hedge\Seldom.h">
      <Filter>Header Files</Filter>
    </ClInclude>
    <ClInclude Include="fl\hedge\Somewhat.h">
      <Filter>Header Files</Filter>
    </ClInclude>
    <ClInclude Include="fl\hedge\Very.h">
      <Filter>Header Files</Filter>
    </ClInclude>
    <ClInclude Include="fl\imex\CppExporter.h">
      <Filter>Header Files</Filter>
    </ClInclude>
    <ClInclude Include="fl\imex\Exporter.h">
      <Filter>Header Files</Filter>
    </ClInclude>
    <ClInclude Include="fl\imex\FclExporter.h">
      <Filter>Header Files</Filter>
    </ClInclude>
    <ClInclude Include="fl\imex\FclImporter.h">
      <Filter>Header Files</Filter>
    </ClInclude>
    <ClInclude Include="fl\imex\FisExporter.h">
      <Filter>Header Files</Filter>
    </ClInclude>
    <ClInclude Include="fl\imex\FisImporter.h">
      <Filter>Header Files</Filter>
    </ClInclude>
    <ClInclude Include="fl\imex\FldExporter.h">
      <Filter>Header Files</Filter>
    </ClInclude>
    <ClInclude Include="fl\imex\FllExporter.h">
      <Filter>Header Files</Filter>
    </ClInclude>
    <ClInclude Include="fl\imex\FllImporter.h">
      <Filter>Header Files</Filter>
    </ClInclude>
    <ClInclude Include="fl\imex\Importer.h">
      <Filter>Header Files</Filter>
    </ClInclude>
    <ClInclude Include="fl\imex\JavaExporter.h">
      <Filter>Header Files</Filter>
    </ClInclude>
    <ClInclude Include="fl\imex\RScriptExporter.h">
      <Filter>Header Files</Filter>
    </ClInclude>
    <ClInclude Include="fl\norm\Norm.h">
      <Filter>Header Files</Filter>
    </ClInclude>
    <ClInclude Include="fl\norm\s\AlgebraicSum.h">
      <Filter>Header Files</Filter>
    </ClInclude>
    <ClInclude Include="fl\norm\s\BoundedSum.h">
      <Filter>Header Files</Filter>
    </ClInclude>
    <ClInclude Include="fl\norm\s\DrasticSum.h">
      <Filter>Header Files</Filter>
    </ClInclude>
    <ClInclude Include="fl\norm\s\EinsteinSum.h">
      <Filter>Header Files</Filter>
    </ClInclude>
    <ClInclude Include="fl\norm\s\HamacherSum.h">
      <Filter>Header Files</Filter>
    </ClInclude>
    <ClInclude Include="fl\norm\s\Maximum.h">
      <Filter>Header Files</Filter>
    </ClInclude>
    <ClInclude Include="fl\norm\s\NilpotentMaximum.h">
      <Filter>Header Files</Filter>
    </ClInclude>
    <ClInclude Include="fl\norm\s\NormalizedSum.h">
      <Filter>Header Files</Filter>
    </ClInclude>
    <ClInclude Include="fl\norm\s\SNormFunction.h">
      <Filter>Header Files</Filter>
    </ClInclude>
    <ClInclude Include="fl\norm\s\UnboundedSum.h">
      <Filter>Header Files</Filter>
    </ClInclude>
    <ClInclude Include="fl\norm\SNorm.h">
      <Filter>Header Files</Filter>
    </ClInclude>
    <ClInclude Include="fl\norm\t\AlgebraicProduct.h">
      <Filter>Header Files</Filter>
    </ClInclude>
    <ClInclude Include="fl\norm\t\BoundedDifference.h">
      <Filter>Header Files</Filter>
    </ClInclude>
    <ClInclude Include="fl\norm\t\DrasticProduct.h">
      <Filter>Header Files</Filter>
    </ClInclude>
    <ClInclude Include="fl\norm\t\EinsteinProduct.h">
      <Filter>Header Files</Filter>
    </ClInclude>
    <ClInclude Include="fl\norm\t\HamacherProduct.h">
      <Filter>Header Files</Filter>
    </ClInclude>
    <ClInclude Include="fl\norm\t\Minimum.h">
      <Filter>Header Files</Filter>
    </ClInclude>
    <ClInclude Include="fl\norm\t\NilpotentMinimum.h">
      <Filter>Header Files</Filter>
    </ClInclude>
    <ClInclude Include="fl\norm\t\TNormFunction.h">
      <Filter>Header Files</Filter>
    </ClInclude>
    <ClInclude Include="fl\norm\TNorm.h">
      <Filter>Header Files</Filter>
    </ClInclude>
    <ClInclude Include="fl\Operation.h">
      <Filter>Header Files</Filter>
    </ClInclude>
    <ClInclude Include="fl\rule\Antecedent.h">
      <Filter>Header Files</Filter>
    </ClInclude>
    <ClInclude Include="fl\rule\Consequent.h">
      <Filter>Header Files</Filter>
    </ClInclude>
    <ClInclude Include="fl\rule\Expression.h">
      <Filter>Header Files</Filter>
    </ClInclude>
    <ClInclude Include="fl\rule\Rule.h">
      <Filter>Header Files</Filter>
    </ClInclude>
    <ClInclude Include="fl\rule\RuleBlock.h">
      <Filter>Header Files</Filter>
    </ClInclude>
    <ClInclude Include="fl\term\Activated.h">
      <Filter>Header Files</Filter>
    </ClInclude>
    <ClInclude Include="fl\term\Aggregated.h">
      <Filter>Header Files</Filter>
    </ClInclude>
    <ClInclude Include="fl\term\Bell.h">
      <Filter>Header Files</Filter>
    </ClInclude>
    <ClInclude Include="fl\term\Binary.h">
      <Filter>Header Files</Filter>
    </ClInclude>
    <ClInclude Include="fl\term\Concave.h">
      <Filter>Header Files</Filter>
    </ClInclude>
    <ClInclude Include="fl\term\Constant.h">
      <Filter>Header Files</Filter>
    </ClInclude>
    <ClInclude Include="fl\term\Cosine.h">
      <Filter>Header Files</Filter>
    </ClInclude>
    <ClInclude Include="fl\term\Discrete.h">
      <Filter>Header Files</Filter>
    </ClInclude>
    <ClInclude Include="fl\term\Function.h">
      <Filter>Header Files</Filter>
    </ClInclude>
    <ClInclude Include="fl\term\Gaussian.h">
      <Filter>Header Files</Filter>
    </ClInclude>
    <ClInclude Include="fl\term\GaussianProduct.h">
      <Filter>Header Files</Filter>
    </ClInclude>
    <ClInclude Include="fl\term\Linear.h">
      <Filter>Header Files</Filter>
    </ClInclude>
    <ClInclude Include="fl\term\PiShape.h">
      <Filter>Header Files</Filter>
    </ClInclude>
    <ClInclude Include="fl\term\Ramp.h">
      <Filter>Header Files</Filter>
    </ClInclude>
    <ClInclude Include="fl\term\Rectangle.h">
      <Filter>Header Files</Filter>
    </ClInclude>
    <ClInclude Include="fl\term\Sigmoid.h">
      <Filter>Header Files</Filter>
    </ClInclude>
    <ClInclude Include="fl\term\SigmoidDifference.h">
      <Filter>Header Files</Filter>
    </ClInclude>
    <ClInclude Include="fl\term\SigmoidProduct.h">
      <Filter>Header Files</Filter>
    </ClInclude>
    <ClInclude Include="fl\term\Spike.h">
      <Filter>Header Files</Filter>
    </ClInclude>
    <ClInclude Include="fl\term\SShape.h">
      <Filter>Header Files</Filter>
    </ClInclude>
    <ClInclude Include="fl\term\Term.h">
      <Filter>Header Files</Filter>
    </ClInclude>
    <ClInclude Include="fl\term\Trapezoid.h">
      <Filter>Header Files</Filter>
    </ClInclude>
    <ClInclude Include="fl\term\Triangle.h">
      <Filter>Header Files</Filter>
    </ClInclude>
    <ClInclude Include="fl\term\ZShape.h">
      <Filter>Header Files</Filter>
    </ClInclude>
    <ClInclude Include="fl\variable\InputVariable.h">
      <Filter>Header Files</Filter>
    </ClInclude>
    <ClInclude Include="fl\variable\OutputVariable.h">
      <Filter>Header Files</Filter>
    </ClInclude>
    <ClInclude Include="fl\variable\Variable.h">
      <Filter>Header Files</Filter>
    </ClInclude>
  </ItemGroup>
</Project>